
Microsoft Visual Studio Solution File, Format Version 12.00
# Visual Studio Version 16
VisualStudioVersion = 16.0.30717.126
MinimumVisualStudioVersion = 10.0.40219.1
Project("{9A19103F-16F7-4668-BE54-9A1E7A4F7556}") = "DeVes.Bazaar", "DeVes.Bazaar\DeVes.Bazaar.csproj", "{2042C6F9-A132-4921-B405-65361675830C}"
EndProject
Project("{9A19103F-16F7-4668-BE54-9A1E7A4F7556}") = "DeVes.Bazaar.Data.Contracts", "DeVes.Bazaar.Data.Contracts\DeVes.Bazaar.Data.Contracts.csproj", "{B9BB1AD9-B0B1-484D-946C-3ABC28610A31}"
EndProject
Project("{FAE04EC0-301F-11D3-BF4B-00C04F79EFBC}") = "DeVes.Bazaar.Data.JsonDb", "DeVes.Bazaar.Data.JsonDb\DeVes.Bazaar.Data.JsonDb.csproj", "{2B9ED1F1-C555-4F99-90D1-416A3CAA9CBC}"
EndProject
Global
	GlobalSection(SolutionConfigurationPlatforms) = preSolution
		Debug|Any CPU = Debug|Any CPU
		Release|Any CPU = Release|Any CPU
	EndGlobalSection
	GlobalSection(ProjectConfigurationPlatforms) = postSolution
		{2042C6F9-A132-4921-B405-65361675830C}.Debug|Any CPU.ActiveCfg = Debug|Any CPU
		{2042C6F9-A132-4921-B405-65361675830C}.Debug|Any CPU.Build.0 = Debug|Any CPU
		{2042C6F9-A132-4921-B405-65361675830C}.Release|Any CPU.ActiveCfg = Release|Any CPU
		{2042C6F9-A132-4921-B405-65361675830C}.Release|Any CPU.Build.0 = Release|Any CPU
		{B9BB1AD9-B0B1-484D-946C-3ABC28610A31}.Debug|Any CPU.ActiveCfg = Debug|Any CPU
		{B9BB1AD9-B0B1-484D-946C-3ABC28610A31}.Debug|Any CPU.Build.0 = Debug|Any CPU
		{B9BB1AD9-B0B1-484D-946C-3ABC28610A31}.Release|Any CPU.ActiveCfg = Release|Any CPU
		{B9BB1AD9-B0B1-484D-946C-3ABC28610A31}.Release|Any CPU.Build.0 = Release|Any CPU
		{2B9ED1F1-C555-4F99-90D1-416A3CAA9CBC}.Debug|Any CPU.ActiveCfg = Debug|Any CPU
		{2B9ED1F1-C555-4F99-90D1-416A3CAA9CBC}.Debug|Any CPU.Build.0 = Debug|Any CPU
		{2B9ED1F1-C555-4F99-90D1-416A3CAA9CBC}.Release|Any CPU.ActiveCfg = Release|Any CPU
		{2B9ED1F1-C555-4F99-90D1-416A3CAA9CBC}.Release|Any CPU.Build.0 = Release|Any CPU
	EndGlobalSection
	GlobalSection(SolutionProperties) = preSolution
		HideSolutionNode = FALSE
	EndGlobalSection
	GlobalSection(ExtensibilityGlobals) = postSolution
		SolutionGuid = {03ADCFE3-5C77-4593-BE35-2F9495B912FB}
	EndGlobalSection
EndGlobal
